
Microsoft Visual Studio Solution File, Format Version 12.00
# Visual Studio Version 16
VisualStudioVersion = 16.0.29613.14
MinimumVisualStudioVersion = 10.0.40219.1
Project("{9A19103F-16F7-4668-BE54-9A1E7A4F7556}") = "FlashcardApi", "FlashcardApi.csproj", "{C0D2BD3B-C58D-47C2-B7E8-A026B4BA1D89}"
EndProject
Global
	GlobalSection(SolutionConfigurationPlatforms) = preSolution
		Debug|Any CPU = Debug|Any CPU
		Release|Any CPU = Release|Any CPU
	EndGlobalSection
	GlobalSection(ProjectConfigurationPlatforms) = postSolution
		{C0D2BD3B-C58D-47C2-B7E8-A026B4BA1D89}.Debug|Any CPU.ActiveCfg = Debug|Any CPU
		{C0D2BD3B-C58D-47C2-B7E8-A026B4BA1D89}.Debug|Any CPU.Build.0 = Debug|Any CPU
		{C0D2BD3B-C58D-47C2-B7E8-A026B4BA1D89}.Release|Any CPU.ActiveCfg = Release|Any CPU
		{C0D2BD3B-C58D-47C2-B7E8-A026B4BA1D89}.Release|Any CPU.Build.0 = Release|Any CPU
	EndGlobalSection
	GlobalSection(SolutionProperties) = preSolution
		HideSolutionNode = FALSE
	EndGlobalSection
	GlobalSection(ExtensibilityGlobals) = postSolution
		SolutionGuid = {A71D87DC-E83F-4ADA-A088-C6B1C7AC77AE}
	EndGlobalSection
EndGlobal
